
Microsoft Visual Studio Solution File, Format Version 12.00
# Visual Studio Version 16
VisualStudioVersion = 16.0.31019.35
MinimumVisualStudioVersion = 10.0.40219.1
Project("{FAE04EC0-301F-11D3-BF4B-00C04F79EFBC}") = "AnimatedModelPipeline", "AnimatedModelPipeline.csproj", "{BD38F918-875A-46BC-8FEF-E0C32476D96D}"
EndProject
Global
	GlobalSection(SolutionConfigurationPlatforms) = preSolution
		Debug|Any CPU = Debug|Any CPU
		Release|Any CPU = Release|Any CPU
	EndGlobalSection
	GlobalSection(ProjectConfigurationPlatforms) = postSolution
		{BD38F918-875A-46BC-8FEF-E0C32476D96D}.Debug|Any CPU.ActiveCfg = Debug|Any CPU
		{BD38F918-875A-46BC-8FEF-E0C32476D96D}.Debug|Any CPU.Build.0 = Debug|Any CPU
		{BD38F918-875A-46BC-8FEF-E0C32476D96D}.Release|Any CPU.ActiveCfg = Release|Any CPU
		{BD38F918-875A-46BC-8FEF-E0C32476D96D}.Release|Any CPU.Build.0 = Release|Any CPU
	EndGlobalSection
	GlobalSection(SolutionProperties) = preSolution
		HideSolutionNode = FALSE
	EndGlobalSection
	GlobalSection(ExtensibilityGlobals) = postSolution
		SolutionGuid = {08A8613F-1AD1-4E69-8D86-79A6969E2BE5}
	EndGlobalSection
EndGlobal
