
Microsoft Visual Studio Solution File, Format Version 12.00
# Visual Studio Version 16
VisualStudioVersion = 16.0.31019.35
MinimumVisualStudioVersion = 10.0.40219.1
Project("{6EC3EE1D-3C4E-46DD-8F32-0CC8E7565705}") = "metroidvania", "metroidvania.fsproj", "{9496AD44-9856-419D-9811-5B8942345C4B}"
EndProject
Global
	GlobalSection(SolutionConfigurationPlatforms) = preSolution
		Debug|Any CPU = Debug|Any CPU
		Release|Any CPU = Release|Any CPU
	EndGlobalSection
	GlobalSection(ProjectConfigurationPlatforms) = postSolution
		{9496AD44-9856-419D-9811-5B8942345C4B}.Debug|Any CPU.ActiveCfg = Debug|Any CPU
		{9496AD44-9856-419D-9811-5B8942345C4B}.Debug|Any CPU.Build.0 = Debug|Any CPU
		{9496AD44-9856-419D-9811-5B8942345C4B}.Release|Any CPU.ActiveCfg = Release|Any CPU
		{9496AD44-9856-419D-9811-5B8942345C4B}.Release|Any CPU.Build.0 = Release|Any CPU
	EndGlobalSection
	GlobalSection(SolutionProperties) = preSolution
		HideSolutionNode = FALSE
	EndGlobalSection
	GlobalSection(ExtensibilityGlobals) = postSolution
		SolutionGuid = {AA6BE8B7-E902-4525-97F8-B9518515E180}
	EndGlobalSection
EndGlobal
